// !$*UTF8*$!
{
	archiveVersion = 1;
	classes = {
	};
	objectVersion = 77;
	objects = {

/* Begin PBXBuildFile section */
		703F18542EC2485A00D56ADA /* FirebaseAuth in Frameworks */ = {isa = PBXBuildFile; productRef = 703F18532EC2485A00D56ADA /* FirebaseAuth */; };
		70437EF02EC161A7005B6130 /* FirebaseCore in Frameworks */ = {isa = PBXBuildFile; productRef = 70437EEF2EC161A7005B6130 /* FirebaseCore */; };
		70437EF22EC161A7005B6130 /* FirebaseFirestore in Frameworks */ = {isa = PBXBuildFile; productRef = 70437EF12EC161A7005B6130 /* FirebaseFirestore */; };
		70437EF42EC161A7005B6130 /* FirebaseStorage in Frameworks */ = {isa = PBXBuildFile; productRef = 70437EF32EC161A7005B6130 /* FirebaseStorage */; };
		70437EF72EC161CC005B6130 /* SDWebImageSwiftUI in Frameworks */ = {isa = PBXBuildFile; productRef = 70437EF62EC161CC005B6130 /* SDWebImageSwiftUI */; };
/* End PBXBuildFile section */

/* Begin PBXContainerItemProxy section */
		70437ED22EC16079005B6130 /* PBXContainerItemProxy */ = {
			isa = PBXContainerItemProxy;
			containerPortal = 70437EBC2EC16078005B6130 /* Project object */;
			proxyType = 1;
			remoteGlobalIDString = 70437EC32EC16078005B6130;
			remoteInfo = PromptArt;
		};
		70437EDC2EC16079005B6130 /* PBXContainerItemProxy */ = {
			isa = PBXContainerItemProxy;
			containerPortal = 70437EBC2EC16078005B6130 /* Project object */;
			proxyType = 1;
			remoteGlobalIDString = 70437EC32EC16078005B6130;
			remoteInfo = PromptArt;
		};
/* End PBXContainerItemProxy section */

/* Begin PBXFileReference section */
		70437EC42EC16078005B6130 /* PromptArt.app */ = {isa = PBXFileReference; explicitFileType = wrapper.application; includeInIndex = 0; path = PromptArt.app; sourceTree = BUILT_PRODUCTS_DIR; };
		70437ED12EC16079005B6130 /* PromptArtTests.xctest */ = {isa = PBXFileReference; explicitFileType = wrapper.cfbundle; includeInIndex = 0; path = PromptArtTests.xctest; sourceTree = BUILT_PRODUCTS_DIR; };
		70437EDB2EC16079005B6130 /* PromptArtUITests.xctest */ = {isa = PBXFileReference; explicitFileType = wrapper.cfbundle; includeInIndex = 0; path = PromptArtUITests.xctest; sourceTree = BUILT_PRODUCTS_DIR; };
/* End PBXFileReference section */

/* Begin PBXFileSystemSynchronizedRootGroup section */
		70437EC62EC16078005B6130 /* PromptArt */ = {
			isa = PBXFileSystemSynchronizedRootGroup;
			path = PromptArt;
			sourceTree = "<group>";
		};
		70437ED42EC16079005B6130 /* PromptArtTests */ = {
			isa = PBXFileSystemSynchronizedRootGroup;
			path = PromptArtTests;
			sourceTree = "<group>";
		};
		70437EDE2EC16079005B6130 /* PromptArtUITests */ = {
			isa = PBXFileSystemSynchronizedRootGroup;
			path = PromptArtUITests;
			sourceTree = "<group>";
		};
/* End PBXFileSystemSynchronizedRootGroup section */

/* Begin PBXFrameworksBuildPhase section */
		70437EC12EC16078005B6130 /* Frameworks */ = {
			isa = PBXFrameworksBuildPhase;
			buildActionMask = 2147483647;
			files = (
				70437EF72EC161CC005B6130 /* SDWebImageSwiftUI in Frameworks */,
				703F18542EC2485A00D56ADA /* FirebaseAuth in Frameworks */,
				70437EF02EC161A7005B6130 /* FirebaseCore in Frameworks */,
				70437EF22EC161A7005B6130 /* FirebaseFirestore in Frameworks */,
				70437EF42EC161A7005B6130 /* FirebaseStorage in Frameworks */,
			);
			runOnlyForDeploymentPostprocessing = 0;
		};
		70437ECE2EC16079005B6130 /* Frameworks */ = {
			isa = PBXFrameworksBuildPhase;
			buildActionMask = 2147483647;
			files = (
			);
			runOnlyForDeploymentPostprocessing = 0;
		};
		70437ED82EC16079005B6130 /* Frameworks */ = {
			isa = PBXFrameworksBuildPhase;
			buildActionMask = 2147483647;
			files = (
			);
			runOnlyForDeploymentPostprocessing = 0;
		};
/* End PBXFrameworksBuildPhase section */

/* Begin PBXGroup section */
		703F18522EC2485A00D56ADA /* Frameworks */ = {
			isa = PBXGroup;
			children = (
			);
			name = Frameworks;
			sourceTree = "<group>";
		};
		70437EBB2EC16078005B6130 = {
			isa = PBXGroup;
			children = (
				70437EC62EC16078005B6130 /* PromptArt */,
				70437ED42EC16079005B6130 /* PromptArtTests */,
				70437EDE2EC16079005B6130 /* PromptArtUITests */,
				703F18522EC2485A00D56ADA /* Frameworks */,
				70437EC52EC16078005B6130 /* Products */,
			);
			sourceTree = "<group>";
		};
		70437EC52EC16078005B6130 /* Products */ = {
			isa = PBXGroup;
			children = (
				70437EC42EC16078005B6130 /* PromptArt.app */,
				70437ED12EC16079005B6130 /* PromptArtTests.xctest */,
				70437EDB2EC16079005B6130 /* PromptArtUITests.xctest */,
			);
			name = Products;
			sourceTree = "<group>";
		};
/* End PBXGroup section */

/* Begin PBXNativeTarget section */
		70437EC32EC16078005B6130 /* PromptArt */ = {
			isa = PBXNativeTarget;
			buildConfigurationList = 70437EE52EC16079005B6130 /* Build configuration list for PBXNativeTarget "PromptArt" */;
			buildPhases = (
				70437EC02EC16078005B6130 /* Sources */,
				70437EC12EC16078005B6130 /* Frameworks */,
				70437EC22EC16078005B6130 /* Resources */,
			);
			buildRules = (
			);
			dependencies = (
			);
			fileSystemSynchronizedGroups = (
				70437EC62EC16078005B6130 /* PromptArt */,
			);
			name = PromptArt;
			packageProductDependencies = (
				70437EEF2EC161A7005B6130 /* FirebaseCore */,
				70437EF12EC161A7005B6130 /* FirebaseFirestore */,
				70437EF32EC161A7005B6130 /* FirebaseStorage */,
				70437EF62EC161CC005B6130 /* SDWebImageSwiftUI */,
				703F18532EC2485A00D56ADA /* FirebaseAuth */,
			);
			productName = PromptArt;
			productReference = 70437EC42EC16078005B6130 /* PromptArt.app */;
			productType = "com.apple.product-type.application";
		};
		70437ED02EC16079005B6130 /* PromptArtTests */ = {
			isa = PBXNativeTarget;
			buildConfigurationList = 70437EE82EC16079005B6130 /* Build configuration list for PBXNativeTarget "PromptArtTests" */;
			buildPhases = (
				70437ECD2EC16079005B6130 /* Sources */,
				70437ECE2EC16079005B6130 /* Frameworks */,
				70437ECF2EC16079005B6130 /* Resources */,
			);
			buildRules = (
			);
			dependencies = (
				70437ED32EC16079005B6130 /* PBXTargetDependency */,
			);
			fileSystemSynchronizedGroups = (
				70437ED42EC16079005B6130 /* PromptArtTests */,
			);
			name = PromptArtTests;
			packageProductDependencies = (
			);
			productName = PromptArtTests;
			productReference = 70437ED12EC16079005B6130 /* PromptArtTests.xctest */;
			productType = "com.apple.product-type.bundle.unit-test";
		};
		70437EDA2EC16079005B6130 /* PromptArtUITests */ = {
			isa = PBXNativeTarget;
			buildConfigurationList = 70437EEB2EC16079005B6130 /* Build configuration list for PBXNativeTarget "PromptArtUITests" */;
			buildPhases = (
				70437ED72EC16079005B6130 /* Sources */,
				70437ED82EC16079005B6130 /* Frameworks */,
				70437ED92EC16079005B6130 /* Resources */,
			);
			buildRules = (
			);
			dependencies = (
				70437EDD2EC16079005B6130 /* PBXTargetDependency */,
			);
			fileSystemSynchronizedGroups = (
				70437EDE2EC16079005B6130 /* PromptArtUITests */,
			);
			name = PromptArtUITests;
			packageProductDependencies = (
			);
			productName = PromptArtUITests;
			productReference = 70437EDB2EC16079005B6130 /* PromptArtUITests.xctest */;
			productType = "com.apple.product-type.bundle.ui-testing";
		};
/* End PBXNativeTarget section */

/* Begin PBXProject section */
		70437EBC2EC16078005B6130 /* Project object */ = {
			isa = PBXProject;
			attributes = {
				BuildIndependentTargetsInParallel = 1;
				LastSwiftUpdateCheck = 2600;
				LastUpgradeCheck = 2600;
				TargetAttributes = {
					70437EC32EC16078005B6130 = {
						CreatedOnToolsVersion = 26.0;
					};
					70437ED02EC16079005B6130 = {
						CreatedOnToolsVersion = 26.0;
						TestTargetID = 70437EC32EC16078005B6130;
					};
					70437EDA2EC16079005B6130 = {
						CreatedOnToolsVersion = 26.0;
						TestTargetID = 70437EC32EC16078005B6130;
					};
				};
			};
			buildConfigurationList = 70437EBF2EC16078005B6130 /* Build configuration list for PBXProject "PromptArt" */;
			developmentRegion = en;
			hasScannedForEncodings = 0;
			knownRegions = (
				en,
				Base,
			);
			mainGroup = 70437EBB2EC16078005B6130;
			minimizedProjectReferenceProxies = 1;
			packageReferences = (
				70437EEE2EC161A7005B6130 /* XCRemoteSwiftPackageReference "firebase-ios-sdk" */,
				70437EF52EC161CC005B6130 /* XCRemoteSwiftPackageReference "SDWebImageSwiftUI" */,
			);
			preferredProjectObjectVersion = 77;
			productRefGroup = 70437EC52EC16078005B6130 /* Products */;
			projectDirPath = "";
			projectRoot = "";
			targets = (
				70437EC32EC16078005B6130 /* PromptArt */,
				70437ED02EC16079005B6130 /* PromptArtTests */,
				70437EDA2EC16079005B6130 /* PromptArtUITests */,
			);
		};
/* End PBXProject section */

/* Begin PBXResourcesBuildPhase section */
		70437EC22EC16078005B6130 /* Resources */ = {
			isa = PBXResourcesBuildPhase;
			buildActionMask = 2147483647;
			files = (
			);
			runOnlyForDeploymentPostprocessing = 0;
		};
		70437ECF2EC16079005B6130 /* Resources */ = {
			isa = PBXResourcesBuildPhase;
			buildActionMask = 2147483647;
			files = (
			);
			runOnlyForDeploymentPostprocessing = 0;
		};
		70437ED92EC16079005B6130 /* Resources */ = {
			isa = PBXResourcesBuildPhase;
			buildActionMask = 2147483647;
			files = (
			);
			runOnlyForDeploymentPostprocessing = 0;
		};
/* End PBXResourcesBuildPhase section */

/* Begin PBXSourcesBuildPhase section */
		70437EC02EC16078005B6130 /* Sources */ = {
			isa = PBXSourcesBuildPhase;
			buildActionMask = 2147483647;
			files = (
			);
			runOnlyForDeploymentPostprocessing = 0;
		};
		70437ECD2EC16079005B6130 /* Sources */ = {
			isa = PBXSourcesBuildPhase;
			buildActionMask = 2147483647;
			files = (
			);
			runOnlyForDeploymentPostprocessing = 0;
		};
		70437ED72EC16079005B6130 /* Sources */ = {
			isa = PBXSourcesBuildPhase;
			buildActionMask = 2147483647;
			files = (
			);
			runOnlyForDeploymentPostprocessing = 0;
		};
/* End PBXSourcesBuildPhase section */

/* Begin PBXTargetDependency section */
		70437ED32EC16079005B6130 /* PBXTargetDependency */ = {
			isa = PBXTargetDependency;
			target = 70437EC32EC16078005B6130 /* PromptArt */;
			targetProxy = 70437ED22EC16079005B6130 /* PBXContainerItemProxy */;
		};
		70437EDD2EC16079005B6130 /* PBXTargetDependency */ = {
			isa = PBXTargetDependency;
			target = 70437EC32EC16078005B6130 /* PromptArt */;
			targetProxy = 70437EDC2EC16079005B6130 /* PBXContainerItemProxy */;
		};
/* End PBXTargetDependency section */

/* Begin XCBuildConfiguration section */
		70437EE32EC16079005B6130 /* Debug */ = {
			isa = XCBuildConfiguration;
			buildSettings = {
				ALWAYS_SEARCH_USER_PATHS = NO;
				ASSETCATALOG_COMPILER_GENERATE_SWIFT_ASSET_SYMBOL_EXTENSIONS = YES;
				CLANG_ANALYZER_NONNULL = YES;
				CLANG_ANALYZER_NUMBER_OBJECT_CONVERSION = YES_AGGRESSIVE;
				CLANG_CXX_LANGUAGE_STANDARD = "gnu++20";
				CLANG_ENABLE_MODULES = YES;
				CLANG_ENABLE_OBJC_ARC = YES;
				CLANG_ENABLE_OBJC_WEAK = YES;
				CLANG_WARN_BLOCK_CAPTURE_AUTORELEASING = YES;
				CLANG_WARN_BOOL_CONVERSION = YES;
				CLANG_WARN_COMMA = YES;
				CLANG_WARN_CONSTANT_CONVERSION = YES;
				CLANG_WARN_DEPRECATED_OBJC_IMPLEMENTATIONS = YES;
				CLANG_WARN_DIRECT_OBJC_ISA_USAGE = YES_ERROR;
				CLANG_WARN_DOCUMENTATION_COMMENTS = YES;
				CLANG_WARN_EMPTY_BODY = YES;
				CLANG_WARN_ENUM_CONVERSION = YES;
				CLANG_WARN_INFINITE_RECURSION = YES;
				CLANG_WARN_INT_CONVERSION = YES;
				CLANG_WARN_NON_LITERAL_NULL_CONVERSION = YES;
				CLANG_WARN_OBJC_IMPLICIT_RETAIN_SELF = YES;
				CLANG_WARN_OBJC_LITERAL_CONVERSION = YES;
				CLANG_WARN_OBJC_ROOT_CLASS = YES_ERROR;
				CLANG_WARN_QUOTED_INCLUDE_IN_FRAMEWORK_HEADER = YES;
				CLANG_WARN_RANGE_LOOP_ANALYSIS = YES;
				CLANG_WARN_STRICT_PROTOTYPES = YES;
				CLANG_WARN_SUSPICIOUS_MOVE = YES;
				CLANG_WARN_UNGUARDED_AVAILABILITY = YES_AGGRESSIVE;
				CLANG_WARN_UNREACHABLE_CODE = YES;
				CLANG_WARN__DUPLICATE_METHOD_MATCH = YES;
				COPY_PHASE_STRIP = NO;
				DEBUG_INFORMATION_FORMAT = dwarf;
				DEVELOPMENT_TEAM = N74D443G5Y;
				ENABLE_STRICT_OBJC_MSGSEND = YES;
				ENABLE_TESTABILITY = YES;
				ENABLE_USER_SCRIPT_SANDBOXING = YES;
				GCC_C_LANGUAGE_STANDARD = gnu17;
				GCC_DYNAMIC_NO_PIC = NO;
				GCC_NO_COMMON_BLOCKS = YES;
				GCC_OPTIMIZATION_LEVEL = 0;
				GCC_PREPROCESSOR_DEFINITIONS = (
					"DEBUG=1",
					"$(inherited)",
				);
				GCC_WARN_64_TO_32_BIT_CONVERSION = YES;
				GCC_WARN_ABOUT_RETURN_TYPE = YES_ERROR;
				GCC_WARN_UNDECLARED_SELECTOR = YES;
				GCC_WARN_UNINITIALIZED_AUTOS = YES_AGGRESSIVE;
				GCC_WARN_UNUSED_FUNCTION = YES;
				GCC_WARN_UNUSED_VARIABLE = YES;
				IPHONEOS_DEPLOYMENT_TARGET = 26.0;
				LOCALIZATION_PREFERS_STRING_CATALOGS = YES;
				MTL_ENABLE_DEBUG_INFO = INCLUDE_SOURCE;
				MTL_FAST_MATH = YES;
				ONLY_ACTIVE_ARCH = YES;
				SDKROOT = iphoneos;
				SWIFT_ACTIVE_COMPILATION_CONDITIONS = "DEBUG $(inherited)";
				SWIFT_OPTIMIZATION_LEVEL = "-Onone";
			};
			name = Debug;
		};
		70437EE42EC16079005B6130 /* Release */ = {
			isa = XCBuildConfiguration;
			buildSettings = {
				ALWAYS_SEARCH_USER_PATHS = NO;
				ASSETCATALOG_COMPILER_GENERATE_SWIFT_ASSET_SYMBOL_EXTENSIONS = YES;
				CLANG_ANALYZER_NONNULL = YES;
				CLANG_ANALYZER_NUMBER_OBJECT_CONVERSION = YES_AGGRESSIVE;
				CLANG_CXX_LANGUAGE_STANDARD = "gnu++20";
				CLANG_ENABLE_MODULES = YES;
				CLANG_ENABLE_OBJC_ARC = YES;
				CLANG_ENABLE_OBJC_WEAK = YES;
				CLANG_WARN_BLOCK_CAPTURE_AUTORELEASING = YES;
				CLANG_WARN_BOOL_CONVERSION = YES;
				CLANG_WARN_COMMA = YES;
				CLANG_WARN_CONSTANT_CONVERSION = YES;
				CLANG_WARN_DEPRECATED_OBJC_IMPLEMENTATIONS = YES;
				CLANG_WARN_DIRECT_OBJC_ISA_USAGE = YES_ERROR;
				CLANG_WARN_DOCUMENTATION_COMMENTS = YES;
				CLANG_WARN_EMPTY_BODY = YES;
				CLANG_WARN_ENUM_CONVERSION = YES;
				CLANG_WARN_INFINITE_RECURSION = YES;
				CLANG_WARN_INT_CONVERSION = YES;
				CLANG_WARN_NON_LITERAL_NULL_CONVERSION = YES;
				CLANG_WARN_OBJC_IMPLICIT_RETAIN_SELF = YES;
				CLANG_WARN_OBJC_LITERAL_CONVERSION = YES;
				CLANG_WARN_OBJC_ROOT_CLASS = YES_ERROR;
				CLANG_WARN_QUOTED_INCLUDE_IN_FRAMEWORK_HEADER = YES;
				CLANG_WARN_RANGE_LOOP_ANALYSIS = YES;
				CLANG_WARN_STRICT_PROTOTYPES = YES;
				CLANG_WARN_SUSPICIOUS_MOVE = YES;
				CLANG_WARN_UNGUARDED_AVAILABILITY = YES_AGGRESSIVE;
				CLANG_WARN_UNREACHABLE_CODE = YES;
				CLANG_WARN__DUPLICATE_METHOD_MATCH = YES;
				COPY_PHASE_STRIP = NO;
				DEBUG_INFORMATION_FORMAT = "dwarf-with-dsym";
				DEVELOPMENT_TEAM = N74D443G5Y;
				ENABLE_NS_ASSERTIONS = NO;
				ENABLE_STRICT_OBJC_MSGSEND = YES;
				ENABLE_USER_SCRIPT_SANDBOXING = YES;
				GCC_C_LANGUAGE_STANDARD = gnu17;
				GCC_NO_COMMON_BLOCKS = YES;
				GCC_WARN_64_TO_32_BIT_CONVERSION = YES;
				GCC_WARN_ABOUT_RETURN_TYPE = YES_ERROR;
				GCC_WARN_UNDECLARED_SELECTOR = YES;
				GCC_WARN_UNINITIALIZED_AUTOS = YES_AGGRESSIVE;
				GCC_WARN_UNUSED_FUNCTION = YES;
				GCC_WARN_UNUSED_VARIABLE = YES;
				IPHONEOS_DEPLOYMENT_TARGET = 26.0;
				LOCALIZATION_PREFERS_STRING_CATALOGS = YES;
				MTL_ENABLE_DEBUG_INFO = NO;
				MTL_FAST_MATH = YES;
				SDKROOT = iphoneos;
				SWIFT_COMPILATION_MODE = wholemodule;
				VALIDATE_PRODUCT = YES;
			};
			name = Release;
		};
		70437EE62EC16079005B6130 /* Debug */ = {
			isa = XCBuildConfiguration;
			buildSettings = {
				ASSETCATALOG_COMPILER_APPICON_NAME = AppIcon;
				ASSETCATALOG_COMPILER_GLOBAL_ACCENT_COLOR_NAME = AccentColor;
				CODE_SIGN_STYLE = Automatic;
				CURRENT_PROJECT_VERSION = 1;
				DEVELOPMENT_TEAM = N74D443G5Y;
				ENABLE_PREVIEWS = YES;
				GENERATE_INFOPLIST_FILE = YES;
				INFOPLIST_KEY_NSPhotoLibraryAddUsageDescription = "We need access to your photo library to save your creations.";
				INFOPLIST_KEY_UIApplicationSceneManifest_Generation = YES;
				INFOPLIST_KEY_UIApplicationSupportsIndirectInputEvents = YES;
				INFOPLIST_KEY_UILaunchScreen_Generation = YES;
				INFOPLIST_KEY_UISupportedInterfaceOrientations_iPad = "UIInterfaceOrientationPortrait UIInterfaceOrientationPortraitUpsideDown UIInterfaceOrientationLandscapeLeft UIInterfaceOrientationLandscapeRight";
				INFOPLIST_KEY_UISupportedInterfaceOrientations_iPhone = "UIInterfaceOrientationPortrait UIInterfaceOrientationLandscapeLeft UIInterfaceOrientationLandscapeRight";
				LD_RUNPATH_SEARCH_PATHS = (
					"$(inherited)",
					"@executable_path/Frameworks",
				);
				MARKETING_VERSION = 1.0;
				PRODUCT_BUNDLE_IDENTIFIER = com.webbird.promptart;
				PRODUCT_NAME = "$(TARGET_NAME)";
				STRING_CATALOG_GENERATE_SYMBOLS = YES;
				SWIFT_APPROACHABLE_CONCURRENCY = YES;
				SWIFT_DEFAULT_ACTOR_ISOLATION = MainActor;
				SWIFT_EMIT_LOC_STRINGS = YES;
				SWIFT_UPCOMING_FEATURE_MEMBER_IMPORT_VISIBILITY = YES;
				SWIFT_VERSION = 5.0;
				TARGETED_DEVICE_FAMILY = "1,2";
			};
			name = Debug;
		};
		70437EE72EC16079005B6130 /* Release */ = {
			isa = XCBuildConfiguration;
			buildSettings = {
				ASSETCATALOG_COMPILER_APPICON_NAME = AppIcon;
				ASSETCATALOG_COMPILER_GLOBAL_ACCENT_COLOR_NAME = AccentColor;
				CODE_SIGN_STYLE = Automatic;
				CURRENT_PROJECT_VERSION = 1;
				DEVELOPMENT_TEAM = N74D443G5Y;
				ENABLE_PREVIEWS = YES;
				GENERATE_INFOPLIST_FILE = YES;
				INFOPLIST_KEY_NSPhotoLibraryAddUsageDescription = "We need access to your photo library to save your creations.";
				INFOPLIST_KEY_UIApplicationSceneManifest_Generation = YES;
				INFOPLIST_KEY_UIApplicationSupportsIndirectInputEvents = YES;
				INFOPLIST_KEY_UILaunchScreen_Generation = YES;
				INFOPLIST_KEY_UISupportedInterfaceOrientations_iPad = "UIInterfaceOrientationPortrait UIInterfaceOrientationPortraitUpsideDown UIInterfaceOrientationLandscapeLeft UIInterfaceOrientationLandscapeRight";
				INFOPLIST_KEY_UISupportedInterfaceOrientations_iPhone = "UIInterfaceOrientationPortrait UIInterfaceOrientationLandscapeLeft UIInterfaceOrientationLandscapeRight";
				LD_RUNPATH_SEARCH_PATHS = (
					"$(inherited)",
					"@executable_path/Frameworks",
				);
				MARKETING_VERSION = 1.0;
				PRODUCT_BUNDLE_IDENTIFIER = com.webbird.promptart;
				PRODUCT_NAME = "$(TARGET_NAME)";
				STRING_CATALOG_GENERATE_SYMBOLS = YES;
				SWIFT_APPROACHABLE_CONCURRENCY = YES;
				SWIFT_DEFAULT_ACTOR_ISOLATION = MainActor;
				SWIFT_EMIT_LOC_STRINGS = YES;
				SWIFT_UPCOMING_FEATURE_MEMBER_IMPORT_VISIBILITY = YES;
				SWIFT_VERSION = 5.0;
				TARGETED_DEVICE_FAMILY = "1,2";
			};
			name = Release;
		};
		70437EE92EC16079005B6130 /* Debug */ = {
			isa = XCBuildConfiguration;
			buildSettings = {
				BUNDLE_LOADER = "$(TEST_HOST)";
				CODE_SIGN_STYLE = Automatic;
				CURRENT_PROJECT_VERSION = 1;
				DEVELOPMENT_TEAM = N74D443G5Y;
				GENERATE_INFOPLIST_FILE = YES;
				IPHONEOS_DEPLOYMENT_TARGET = 26.0;
				MARKETING_VERSION = 1.0;
				PRODUCT_BUNDLE_IDENTIFIER = com.webbird.promptart.PromptArtTests;
				PRODUCT_NAME = "$(TARGET_NAME)";
				STRING_CATALOG_GENERATE_SYMBOLS = NO;
				SWIFT_APPROACHABLE_CONCURRENCY = YES;
				SWIFT_EMIT_LOC_STRINGS = NO;
				SWIFT_UPCOMING_FEATURE_MEMBER_IMPORT_VISIBILITY = YES;
				SWIFT_VERSION = 5.0;
				TARGETED_DEVICE_FAMILY = "1,2";
				TEST_HOST = "$(BUILT_PRODUCTS_DIR)/PromptArt.app/$(BUNDLE_EXECUTABLE_FOLDER_PATH)/PromptArt";
			};
			name = Debug;
		};
		70437EEA2EC16079005B6130 /* Release */ = {
			isa = XCBuildConfiguration;
			buildSettings = {
				BUNDLE_LOADER = "$(TEST_HOST)";
				CODE_SIGN_STYLE = Automatic;
				CURRENT_PROJECT_VERSION = 1;
				DEVELOPMENT_TEAM = N74D443G5Y;
				GENERATE_INFOPLIST_FILE = YES;
				IPHONEOS_DEPLOYMENT_TARGET = 26.0;
				MARKETING_VERSION = 1.0;
				PRODUCT_BUNDLE_IDENTIFIER = com.webbird.promptart.PromptArtTests;
				PRODUCT_NAME = "$(TARGET_NAME)";
				STRING_CATALOG_GENERATE_SYMBOLS = NO;
				SWIFT_APPROACHABLE_CONCURRENCY = YES;
				SWIFT_EMIT_LOC_STRINGS = NO;
				SWIFT_UPCOMING_FEATURE_MEMBER_IMPORT_VISIBILITY = YES;
				SWIFT_VERSION = 5.0;
				TARGETED_DEVICE_FAMILY = "1,2";
				TEST_HOST = "$(BUILT_PRODUCTS_DIR)/PromptArt.app/$(BUNDLE_EXECUTABLE_FOLDER_PATH)/PromptArt";
			};
			name = Release;
		};
		70437EEC2EC16079005B6130 /* Debug */ = {
			isa = XCBuildConfiguration;
			buildSettings = {
				CODE_SIGN_STYLE = Automatic;
				CURRENT_PROJECT_VERSION = 1;
				DEVELOPMENT_TEAM = N74D443G5Y;
				GENERATE_INFOPLIST_FILE = YES;
				MARKETING_VERSION = 1.0;
				PRODUCT_BUNDLE_IDENTIFIER = com.webbird.promptart.PromptArtUITests;
				PRODUCT_NAME = "$(TARGET_NAME)";
				STRING_CATALOG_GENERATE_SYMBOLS = NO;
				SWIFT_APPROACHABLE_CONCURRENCY = YES;
				SWIFT_EMIT_LOC_STRINGS = NO;
				SWIFT_UPCOMING_FEATURE_MEMBER_IMPORT_VISIBILITY = YES;
				SWIFT_VERSION = 5.0;
				TARGETED_DEVICE_FAMILY = "1,2";
				TEST_TARGET_NAME = PromptArt;
			};
			name = Debug;
		};
		70437EED2EC16079005B6130 /* Release */ = {
			isa = XCBuildConfiguration;
			buildSettings = {
				CODE_SIGN_STYLE = Automatic;
				CURRENT_PROJECT_VERSION = 1;
				DEVELOPMENT_TEAM = N74D443G5Y;
				GENERATE_INFOPLIST_FILE = YES;
				MARKETING_VERSION = 1.0;
				PRODUCT_BUNDLE_IDENTIFIER = com.webbird.promptart.PromptArtUITests;
				PRODUCT_NAME = "$(TARGET_NAME)";
				STRING_CATALOG_GENERATE_SYMBOLS = NO;
				SWIFT_APPROACHABLE_CONCURRENCY = YES;
				SWIFT_EMIT_LOC_STRINGS = NO;
				SWIFT_UPCOMING_FEATURE_MEMBER_IMPORT_VISIBILITY = YES;
				SWIFT_VERSION = 5.0;
				TARGETED_DEVICE_FAMILY = "1,2";
				TEST_TARGET_NAME = PromptArt;
			};
			name = Release;
		};
/* End XCBuildConfiguration section */

/* Begin XCConfigurationList section */
		70437EBF2EC16078005B6130 /* Build configuration list for PBXProject "PromptArt" */ = {
			isa = XCConfigurationList;
			buildConfigurations = (
				70437EE32EC16079005B6130 /* Debug */,
				70437EE42EC16079005B6130 /* Release */,
			);
			defaultConfigurationIsVisible = 0;
			defaultConfigurationName = Release;
		};
		70437EE52EC16079005B6130 /* Build configuration list for PBXNativeTarget "PromptArt" */ = {
			isa = XCConfigurationList;
			buildConfigurations = (
				70437EE62EC16079005B6130 /* Debug */,
				70437EE72EC16079005B6130 /* Release */,
			);
			defaultConfigurationIsVisible = 0;
			defaultConfigurationName = Release;
		};
		70437EE82EC16079005B6130 /* Build configuration list for PBXNativeTarget "PromptArtTests" */ = {
			isa = XCConfigurationList;
			buildConfigurations = (
				70437EE92EC16079005B6130 /* Debug */,
				70437EEA2EC16079005B6130 /* Release */,
			);
			defaultConfigurationIsVisible = 0;
			defaultConfigurationName = Release;
		};
		70437EEB2EC16079005B6130 /* Build configuration list for PBXNativeTarget "PromptArtUITests" */ = {
			isa = XCConfigurationList;
			buildConfigurations = (
				70437EEC2EC16079005B6130 /* Debug */,
				70437EED2EC16079005B6130 /* Release */,
			);
			defaultConfigurationIsVisible = 0;
			defaultConfigurationName = Release;
		};
/* End XCConfigurationList section */

/* Begin XCRemoteSwiftPackageReference section */
		70437EEE2EC161A7005B6130 /* XCRemoteSwiftPackageReference "firebase-ios-sdk" */ = {
			isa = XCRemoteSwiftPackageReference;
			repositoryURL = "https://github.com/firebase/firebase-ios-sdk.git";
			requirement = {
				kind = upToNextMajorVersion;
				minimumVersion = 12.5.0;
			};
		};
		70437EF52EC161CC005B6130 /* XCRemoteSwiftPackageReference "SDWebImageSwiftUI" */ = {
			isa = XCRemoteSwiftPackageReference;
			repositoryURL = "https://github.com/SDWebImage/SDWebImageSwiftUI.git";
			requirement = {
				kind = upToNextMajorVersion;
				minimumVersion = 3.1.4;
			};
		};
/* End XCRemoteSwiftPackageReference section */

/* Begin XCSwiftPackageProductDependency section */
		703F18532EC2485A00D56ADA /* FirebaseAuth */ = {
			isa = XCSwiftPackageProductDependency;
			package = 70437EEE2EC161A7005B6130 /* XCRemoteSwiftPackageReference "firebase-ios-sdk" */;
			productName = FirebaseAuth;
		};
		70437EEF2EC161A7005B6130 /* FirebaseCore */ = {
			isa = XCSwiftPackageProductDependency;
			package = 70437EEE2EC161A7005B6130 /* XCRemoteSwiftPackageReference "firebase-ios-sdk" */;
			productName = FirebaseCore;
		};
		70437EF12EC161A7005B6130 /* FirebaseFirestore */ = {
			isa = XCSwiftPackageProductDependency;
			package = 70437EEE2EC161A7005B6130 /* XCRemoteSwiftPackageReference "firebase-ios-sdk" */;
			productName = FirebaseFirestore;
		};
		70437EF32EC161A7005B6130 /* FirebaseStorage */ = {
			isa = XCSwiftPackageProductDependency;
			package = 70437EEE2EC161A7005B6130 /* XCRemoteSwiftPackageReference "firebase-ios-sdk" */;
			productName = FirebaseStorage;
		};
		70437EF62EC161CC005B6130 /* SDWebImageSwiftUI */ = {
			isa = XCSwiftPackageProductDependency;
			package = 70437EF52EC161CC005B6130 /* XCRemoteSwiftPackageReference "SDWebImageSwiftUI" */;
			productName = SDWebImageSwiftUI;
		};
/* End XCSwiftPackageProductDependency section */
	};
	rootObject = 70437EBC2EC16078005B6130 /* Project object */;
}
